// !$*UTF8*$!
{
	archiveVersion = 1;
	classes = {
	};
	objectVersion = 55;
	objects = {

/* Begin PBXBuildFile section */
		BC1836C128E3BAAF00224C62 /* AppDelegate.swift in Sources */ = {isa = PBXBuildFile; fileRef = BC1836C028E3BAAF00224C62 /* AppDelegate.swift */; };
		BC1836C328E3BAAF00224C62 /* SceneDelegate.swift in Sources */ = {isa = PBXBuildFile; fileRef = BC1836C228E3BAAF00224C62 /* SceneDelegate.swift */; };
		BC1836C528E3BAAF00224C62 /* ViewController.swift in Sources */ = {isa = PBXBuildFile; fileRef = BC1836C428E3BAAF00224C62 /* ViewController.swift */; };
		BC1836C828E3BAAF00224C62 /* Main.storyboard in Resources */ = {isa = PBXBuildFile; fileRef = BC1836C628E3BAAF00224C62 /* Main.storyboard */; };
		BC1836CA28E3BAB200224C62 /* Assets.xcassets in Resources */ = {isa = PBXBuildFile; fileRef = BC1836C928E3BAB200224C62 /* Assets.xcassets */; };
		BC1836CD28E3BAB200224C62 /* LaunchScreen.storyboard in Resources */ = {isa = PBXBuildFile; fileRef = BC1836CB28E3BAB200224C62 /* LaunchScreen.storyboard */; };
		BC1836D828E3BAB300224C62 /* Live_Demo___API_Based_User_InterfaceTests.swift in Sources */ = {isa = PBXBuildFile; fileRef = BC1836D728E3BAB300224C62 /* Live_Demo___API_Based_User_InterfaceTests.swift */; };
		BC1836E228E3BAB300224C62 /* Live_Demo___API_Based_User_InterfaceUITests.swift in Sources */ = {isa = PBXBuildFile; fileRef = BC1836E128E3BAB300224C62 /* Live_Demo___API_Based_User_InterfaceUITests.swift */; };
		BC1836E428E3BAB300224C62 /* Live_Demo___API_Based_User_InterfaceUITestsLaunchTests.swift in Sources */ = {isa = PBXBuildFile; fileRef = BC1836E328E3BAB300224C62 /* Live_Demo___API_Based_User_InterfaceUITestsLaunchTests.swift */; };
/* End PBXBuildFile section */

/* Begin PBXContainerItemProxy section */
		BC1836D428E3BAB300224C62 /* PBXContainerItemProxy */ = {
			isa = PBXContainerItemProxy;
			containerPortal = BC1836B528E3BAAF00224C62 /* Project object */;
			proxyType = 1;
			remoteGlobalIDString = BC1836BC28E3BAAF00224C62;
			remoteInfo = "Live Demo - API Based User Interface";
		};
		BC1836DE28E3BAB300224C62 /* PBXContainerItemProxy */ = {
			isa = PBXContainerItemProxy;
			containerPortal = BC1836B528E3BAAF00224C62 /* Project object */;
			proxyType = 1;
			remoteGlobalIDString = BC1836BC28E3BAAF00224C62;
			remoteInfo = "Live Demo - API Based User Interface";
		};
/* End PBXContainerItemProxy section */

/* Begin PBXFileReference section */
		BC1836BD28E3BAAF00224C62 /* Live Demo - API Based User Interface.app */ = {isa = PBXFileReference; explicitFileType = wrapper.application; includeInIndex = 0; path = "Live Demo - API Based User Interface.app"; sourceTree = BUILT_PRODUCTS_DIR; };
		BC1836C028E3BAAF00224C62 /* AppDelegate.swift */ = {isa = PBXFileReference; lastKnownFileType = sourcecode.swift; path = AppDelegate.swift; sourceTree = "<group>"; };
		BC1836C228E3BAAF00224C62 /* SceneDelegate.swift */ = {isa = PBXFileReference; lastKnownFileType = sourcecode.swift; path = SceneDelegate.swift; sourceTree = "<group>"; };
		BC1836C428E3BAAF00224C62 /* ViewController.swift */ = {isa = PBXFileReference; lastKnownFileType = sourcecode.swift; path = ViewController.swift; sourceTree = "<group>"; };
		BC1836C728E3BAAF00224C62 /* Base */ = {isa = PBXFileReference; lastKnownFileType = file.storyboard; name = Base; path = Base.lproj/Main.storyboard; sourceTree = "<group>"; };
		BC1836C928E3BAB200224C62 /* Assets.xcassets */ = {isa = PBXFileReference; lastKnownFileType = folder.assetcatalog; path = Assets.xcassets; sourceTree = "<group>"; };
		BC1836CC28E3BAB200224C62 /* Base */ = {isa = PBXFileReference; lastKnownFileType = file.storyboard; name = Base; path = Base.lproj/LaunchScreen.storyboard; sourceTree = "<group>"; };
		BC1836CE28E3BAB200224C62 /* Info.plist */ = {isa = PBXFileReference; lastKnownFileType = text.plist.xml; path = Info.plist; sourceTree = "<group>"; };
		BC1836D328E3BAB300224C62 /* Live Demo - API Based User InterfaceTests.xctest */ = {isa = PBXFileReference; explicitFileType = wrapper.cfbundle; includeInIndex = 0; path = "Live Demo - API Based User InterfaceTests.xctest"; sourceTree = BUILT_PRODUCTS_DIR; };
		BC1836D728E3BAB300224C62 /* Live_Demo___API_Based_User_InterfaceTests.swift */ = {isa = PBXFileReference; lastKnownFileType = sourcecode.swift; path = "Live_Demo___API_Based_User_InterfaceTests.swift"; sourceTree = "<group>"; };
		BC1836DD28E3BAB300224C62 /* Live Demo - API Based User InterfaceUITests.xctest */ = {isa = PBXFileReference; explicitFileType = wrapper.cfbundle; includeInIndex = 0; path = "Live Demo - API Based User InterfaceUITests.xctest"; sourceTree = BUILT_PRODUCTS_DIR; };
		BC1836E128E3BAB300224C62 /* Live_Demo___API_Based_User_InterfaceUITests.swift */ = {isa = PBXFileReference; lastKnownFileType = sourcecode.swift; path = "Live_Demo___API_Based_User_InterfaceUITests.swift"; sourceTree = "<group>"; };
		BC1836E328E3BAB300224C62 /* Live_Demo___API_Based_User_InterfaceUITestsLaunchTests.swift */ = {isa = PBXFileReference; lastKnownFileType = sourcecode.swift; path = "Live_Demo___API_Based_User_InterfaceUITestsLaunchTests.swift"; sourceTree = "<group>"; };
/* End PBXFileReference section */

/* Begin PBXFrameworksBuildPhase section */
		BC1836BA28E3BAAF00224C62 /* Frameworks */ = {
			isa = PBXFrameworksBuildPhase;
			buildActionMask = 2147483647;
			files = (
			);
			runOnlyForDeploymentPostprocessing = 0;
		};
		BC1836D028E3BAB300224C62 /* Frameworks */ = {
			isa = PBXFrameworksBuildPhase;
			buildActionMask = 2147483647;
			files = (
			);
			runOnlyForDeploymentPostprocessing = 0;
		};
		BC1836DA28E3BAB300224C62 /* Frameworks */ = {
			isa = PBXFrameworksBuildPhase;
			buildActionMask = 2147483647;
			files = (
			);
			runOnlyForDeploymentPostprocessing = 0;
		};
/* End PBXFrameworksBuildPhase section */

/* Begin PBXGroup section */
		BC1836B428E3BAAF00224C62 = {
			isa = PBXGroup;
			children = (
				BC1836BF28E3BAAF00224C62 /* Live Demo - API Based User Interface */,
				BC1836D628E3BAB300224C62 /* Live Demo - API Based User InterfaceTests */,
				BC1836E028E3BAB300224C62 /* Live Demo - API Based User InterfaceUITests */,
				BC1836BE28E3BAAF00224C62 /* Products */,
			);
			sourceTree = "<group>";
		};
		BC1836BE28E3BAAF00224C62 /* Products */ = {
			isa = PBXGroup;
			children = (
				BC1836BD28E3BAAF00224C62 /* Live Demo - API Based User Interface.app */,
				BC1836D328E3BAB300224C62 /* Live Demo - API Based User InterfaceTests.xctest */,
				BC1836DD28E3BAB300224C62 /* Live Demo - API Based User InterfaceUITests.xctest */,
			);
			name = Products;
			sourceTree = "<group>";
		};
		BC1836BF28E3BAAF00224C62 /* Live Demo - API Based User Interface */ = {
			isa = PBXGroup;
			children = (
				BC1836C028E3BAAF00224C62 /* AppDelegate.swift */,
				BC1836C228E3BAAF00224C62 /* SceneDelegate.swift */,
				BC1836C428E3BAAF00224C62 /* ViewController.swift */,
				BC1836C628E3BAAF00224C62 /* Main.storyboard */,
				BC1836C928E3BAB200224C62 /* Assets.xcassets */,
				BC1836CB28E3BAB200224C62 /* LaunchScreen.storyboard */,
				BC1836CE28E3BAB200224C62 /* Info.plist */,
			);
			path = "Live Demo - API Based User Interface";
			sourceTree = "<group>";
		};
		BC1836D628E3BAB300224C62 /* Live Demo - API Based User InterfaceTests */ = {
			isa = PBXGroup;
			children = (
				BC1836D728E3BAB300224C62 /* Live_Demo___API_Based_User_InterfaceTests.swift */,
			);
			path = "Live Demo - API Based User InterfaceTests";
			sourceTree = "<group>";
		};
		BC1836E028E3BAB300224C62 /* Live Demo - API Based User InterfaceUITests */ = {
			isa = PBXGroup;
			children = (
				BC1836E128E3BAB300224C62 /* Live_Demo___API_Based_User_InterfaceUITests.swift */,
				BC1836E328E3BAB300224C62 /* Live_Demo___API_Based_User_InterfaceUITestsLaunchTests.swift */,
			);
			path = "Live Demo - API Based User InterfaceUITests";
			sourceTree = "<group>";
		};
/* End PBXGroup section */

/* Begin PBXNativeTarget section */
		BC1836BC28E3BAAF00224C62 /* Live Demo - API Based User Interface */ = {
			isa = PBXNativeTarget;
			buildConfigurationList = BC1836E728E3BAB300224C62 /* Build configuration list for PBXNativeTarget "Live Demo - API Based User Interface" */;
			buildPhases = (
				BC1836B928E3BAAF00224C62 /* Sources */,
				BC1836BA28E3BAAF00224C62 /* Frameworks */,
				BC1836BB28E3BAAF00224C62 /* Resources */,
			);
			buildRules = (
			);
			dependencies = (
			);
			name = "Live Demo - API Based User Interface";
			productName = "Live Demo - API Based User Interface";
			productReference = BC1836BD28E3BAAF00224C62 /* Live Demo - API Based User Interface.app */;
			productType = "com.apple.product-type.application";
		};
		BC1836D228E3BAB300224C62 /* Live Demo - API Based User InterfaceTests */ = {
			isa = PBXNativeTarget;
			buildConfigurationList = BC1836EA28E3BAB300224C62 /* Build configuration list for PBXNativeTarget "Live Demo - API Based User InterfaceTests" */;
			buildPhases = (
				BC1836CF28E3BAB300224C62 /* Sources */,
				BC1836D028E3BAB300224C62 /* Frameworks */,
				BC1836D128E3BAB300224C62 /* Resources */,
			);
			buildRules = (
			);
			dependencies = (
				BC1836D528E3BAB300224C62 /* PBXTargetDependency */,
			);
			name = "Live Demo - API Based User InterfaceTests";
			productName = "Live Demo - API Based User InterfaceTests";
			productReference = BC1836D328E3BAB300224C62 /* Live Demo - API Based User InterfaceTests.xctest */;
			productType = "com.apple.product-type.bundle.unit-test";
		};
		BC1836DC28E3BAB300224C62 /* Live Demo - API Based User InterfaceUITests */ = {
			isa = PBXNativeTarget;
			buildConfigurationList = BC1836ED28E3BAB300224C62 /* Build configuration list for PBXNativeTarget "Live Demo - API Based User InterfaceUITests" */;
			buildPhases = (
				BC1836D928E3BAB300224C62 /* Sources */,
				BC1836DA28E3BAB300224C62 /* Frameworks */,
				BC1836DB28E3BAB300224C62 /* Resources */,
			);
			buildRules = (
			);
			dependencies = (
				BC1836DF28E3BAB300224C62 /* PBXTargetDependency */,
			);
			name = "Live Demo - API Based User InterfaceUITests";
			productName = "Live Demo - API Based User InterfaceUITests";
			productReference = BC1836DD28E3BAB300224C62 /* Live Demo - API Based User InterfaceUITests.xctest */;
			productType = "com.apple.product-type.bundle.ui-testing";
		};
/* End PBXNativeTarget section */

/* Begin PBXProject section */
		BC1836B528E3BAAF00224C62 /* Project object */ = {
			isa = PBXProject;
			attributes = {
				BuildIndependentTargetsInParallel = 1;
				LastSwiftUpdateCheck = 1340;
				LastUpgradeCheck = 1340;
				TargetAttributes = {
					BC1836BC28E3BAAF00224C62 = {
						CreatedOnToolsVersion = 13.4.1;
					};
					BC1836D228E3BAB300224C62 = {
						CreatedOnToolsVersion = 13.4.1;
						TestTargetID = BC1836BC28E3BAAF00224C62;
					};
					BC1836DC28E3BAB300224C62 = {
						CreatedOnToolsVersion = 13.4.1;
						TestTargetID = BC1836BC28E3BAAF00224C62;
					};
				};
			};
			buildConfigurationList = BC1836B828E3BAAF00224C62 /* Build configuration list for PBXProject "Live Demo - API Based User Interface" */;
			compatibilityVersion = "Xcode 13.0";
			developmentRegion = en;
			hasScannedForEncodings = 0;
			knownRegions = (
				en,
				Base,
			);
			mainGroup = BC1836B428E3BAAF00224C62;
			productRefGroup = BC1836BE28E3BAAF00224C62 /* Products */;
			projectDirPath = "";
			projectRoot = "";
			targets = (
				BC1836BC28E3BAAF00224C62 /* Live Demo - API Based User Interface */,
				BC1836D228E3BAB300224C62 /* Live Demo - API Based User InterfaceTests */,
				BC1836DC28E3BAB300224C62 /* Live Demo - API Based User InterfaceUITests */,
			);
		};
/* End PBXProject section */

/* Begin PBXResourcesBuildPhase section */
		BC1836BB28E3BAAF00224C62 /* Resources */ = {
			isa = PBXResourcesBuildPhase;
			buildActionMask = 2147483647;
			files = (
				BC1836CD28E3BAB200224C62 /* LaunchScreen.storyboard in Resources */,
				BC1836CA28E3BAB200224C62 /* Assets.xcassets in Resources */,
				BC1836C828E3BAAF00224C62 /* Main.storyboard in Resources */,
			);
			runOnlyForDeploymentPostprocessing = 0;
		};
		BC1836D128E3BAB300224C62 /* Resources */ = {
			isa = PBXResourcesBuildPhase;
			buildActionMask = 2147483647;
			files = (
			);
			runOnlyForDeploymentPostprocessing = 0;
		};
		BC1836DB28E3BAB300224C62 /* Resources */ = {
			isa = PBXResourcesBuildPhase;
			buildActionMask = 2147483647;
			files = (
			);
			runOnlyForDeploymentPostprocessing = 0;
		};
/* End PBXResourcesBuildPhase section */

/* Begin PBXSourcesBuildPhase section */
		BC1836B928E3BAAF00224C62 /* Sources */ = {
			isa = PBXSourcesBuildPhase;
			buildActionMask = 2147483647;
			files = (
				BC1836C528E3BAAF00224C62 /* ViewController.swift in Sources */,
				BC1836C128E3BAAF00224C62 /* AppDelegate.swift in Sources */,
				BC1836C328E3BAAF00224C62 /* SceneDelegate.swift in Sources */,
			);
			runOnlyForDeploymentPostprocessing = 0;
		};
		BC1836CF28E3BAB300224C62 /* Sources */ = {
			isa = PBXSourcesBuildPhase;
			buildActionMask = 2147483647;
			files = (
				BC1836D828E3BAB300224C62 /* Live_Demo___API_Based_User_InterfaceTests.swift in Sources */,
			);
			runOnlyForDeploymentPostprocessing = 0;
		};
		BC1836D928E3BAB300224C62 /* Sources */ = {
			isa = PBXSourcesBuildPhase;
			buildActionMask = 2147483647;
			files = (
				BC1836E228E3BAB300224C62 /* Live_Demo___API_Based_User_InterfaceUITests.swift in Sources */,
				BC1836E428E3BAB300224C62 /* Live_Demo___API_Based_User_InterfaceUITestsLaunchTests.swift in Sources */,
			);
			runOnlyForDeploymentPostprocessing = 0;
		};
/* End PBXSourcesBuildPhase section */

/* Begin PBXTargetDependency section */
		BC1836D528E3BAB300224C62 /* PBXTargetDependency */ = {
			isa = PBXTargetDependency;
			target = BC1836BC28E3BAAF00224C62 /* Live Demo - API Based User Interface */;
			targetProxy = BC1836D428E3BAB300224C62 /* PBXContainerItemProxy */;
		};
		BC1836DF28E3BAB300224C62 /* PBXTargetDependency */ = {
			isa = PBXTargetDependency;
			target = BC1836BC28E3BAAF00224C62 /* Live Demo - API Based User Interface */;
			targetProxy = BC1836DE28E3BAB300224C62 /* PBXContainerItemProxy */;
		};
/* End PBXTargetDependency section */

/* Begin PBXVariantGroup section */
		BC1836C628E3BAAF00224C62 /* Main.storyboard */ = {
			isa = PBXVariantGroup;
			children = (
				BC1836C728E3BAAF00224C62 /* Base */,
			);
			name = Main.storyboard;
			sourceTree = "<group>";
		};
		BC1836CB28E3BAB200224C62 /* LaunchScreen.storyboard */ = {
			isa = PBXVariantGroup;
			children = (
				BC1836CC28E3BAB200224C62 /* Base */,
			);
			name = LaunchScreen.storyboard;
			sourceTree = "<group>";
		};
/* End PBXVariantGroup section */

/* Begin XCBuildConfiguration section */
		BC1836E528E3BAB300224C62 /* Debug */ = {
			isa = XCBuildConfiguration;
			buildSettings = {
				ALWAYS_SEARCH_USER_PATHS = NO;
				CLANG_ANALYZER_NONNULL = YES;
				CLANG_ANALYZER_NUMBER_OBJECT_CONVERSION = YES_AGGRESSIVE;
				CLANG_CXX_LANGUAGE_STANDARD = "gnu++17";
				CLANG_ENABLE_MODULES = YES;
				CLANG_ENABLE_OBJC_ARC = YES;
				CLANG_ENABLE_OBJC_WEAK = YES;
				CLANG_WARN_BLOCK_CAPTURE_AUTORELEASING = YES;
				CLANG_WARN_BOOL_CONVERSION = YES;
				CLANG_WARN_COMMA = YES;
				CLANG_WARN_CONSTANT_CONVERSION = YES;
				CLANG_WARN_DEPRECATED_OBJC_IMPLEMENTATIONS = YES;
				CLANG_WARN_DIRECT_OBJC_ISA_USAGE = YES_ERROR;
				CLANG_WARN_DOCUMENTATION_COMMENTS = YES;
				CLANG_WARN_EMPTY_BODY = YES;
				CLANG_WARN_ENUM_CONVERSION = YES;
				CLANG_WARN_INFINITE_RECURSION = YES;
				CLANG_WARN_INT_CONVERSION = YES;
				CLANG_WARN_NON_LITERAL_NULL_CONVERSION = YES;
				CLANG_WARN_OBJC_IMPLICIT_RETAIN_SELF = YES;
				CLANG_WARN_OBJC_LITERAL_CONVERSION = YES;
				CLANG_WARN_OBJC_ROOT_CLASS = YES_ERROR;
				CLANG_WARN_QUOTED_INCLUDE_IN_FRAMEWORK_HEADER = YES;
				CLANG_WARN_RANGE_LOOP_ANALYSIS = YES;
				CLANG_WARN_STRICT_PROTOTYPES = YES;
				CLANG_WARN_SUSPICIOUS_MOVE = YES;
				CLANG_WARN_UNGUARDED_AVAILABILITY = YES_AGGRESSIVE;
				CLANG_WARN_UNREACHABLE_CODE = YES;
				CLANG_WARN__DUPLICATE_METHOD_MATCH = YES;
				COPY_PHASE_STRIP = NO;
				DEBUG_INFORMATION_FORMAT = dwarf;
				ENABLE_STRICT_OBJC_MSGSEND = YES;
				ENABLE_TESTABILITY = YES;
				GCC_C_LANGUAGE_STANDARD = gnu11;
				GCC_DYNAMIC_NO_PIC = NO;
				GCC_NO_COMMON_BLOCKS = YES;
				GCC_OPTIMIZATION_LEVEL = 0;
				GCC_PREPROCESSOR_DEFINITIONS = (
					"DEBUG=1",
					"$(inherited)",
				);
				GCC_WARN_64_TO_32_BIT_CONVERSION = YES;
				GCC_WARN_ABOUT_RETURN_TYPE = YES_ERROR;
				GCC_WARN_UNDECLARED_SELECTOR = YES;
				GCC_WARN_UNINITIALIZED_AUTOS = YES_AGGRESSIVE;
				GCC_WARN_UNUSED_FUNCTION = YES;
				GCC_WARN_UNUSED_VARIABLE = YES;
				IPHONEOS_DEPLOYMENT_TARGET = 15.5;
				MTL_ENABLE_DEBUG_INFO = INCLUDE_SOURCE;
				MTL_FAST_MATH = YES;
				ONLY_ACTIVE_ARCH = YES;
				SDKROOT = iphoneos;
				SWIFT_ACTIVE_COMPILATION_CONDITIONS = DEBUG;
				SWIFT_OPTIMIZATION_LEVEL = "-Onone";
			};
			name = Debug;
		};
		BC1836E628E3BAB300224C62 /* Release */ = {
			isa = XCBuildConfiguration;
			buildSettings = {
				ALWAYS_SEARCH_USER_PATHS = NO;
				CLANG_ANALYZER_NONNULL = YES;
				CLANG_ANALYZER_NUMBER_OBJECT_CONVERSION = YES_AGGRESSIVE;
				CLANG_CXX_LANGUAGE_STANDARD = "gnu++17";
				CLANG_ENABLE_MODULES = YES;
				CLANG_ENABLE_OBJC_ARC = YES;
				CLANG_ENABLE_OBJC_WEAK = YES;
				CLANG_WARN_BLOCK_CAPTURE_AUTORELEASING = YES;
				CLANG_WARN_BOOL_CONVERSION = YES;
				CLANG_WARN_COMMA = YES;
				CLANG_WARN_CONSTANT_CONVERSION = YES;
				CLANG_WARN_DEPRECATED_OBJC_IMPLEMENTATIONS = YES;
				CLANG_WARN_DIRECT_OBJC_ISA_USAGE = YES_ERROR;
				CLANG_WARN_DOCUMENTATION_COMMENTS = YES;
				CLANG_WARN_EMPTY_BODY = YES;
				CLANG_WARN_ENUM_CONVERSION = YES;
				CLANG_WARN_INFINITE_RECURSION = YES;
				CLANG_WARN_INT_CONVERSION = YES;
				CLANG_WARN_NON_LITERAL_NULL_CONVERSION = YES;
				CLANG_WARN_OBJC_IMPLICIT_RETAIN_SELF = YES;
				CLANG_WARN_OBJC_LITERAL_CONVERSION = YES;
				CLANG_WARN_OBJC_ROOT_CLASS = YES_ERROR;
				CLANG_WARN_QUOTED_INCLUDE_IN_FRAMEWORK_HEADER = YES;
				CLANG_WARN_RANGE_LOOP_ANALYSIS = YES;
				CLANG_WARN_STRICT_PROTOTYPES = YES;
				CLANG_WARN_SUSPICIOUS_MOVE = YES;
				CLANG_WARN_UNGUARDED_AVAILABILITY = YES_AGGRESSIVE;
				CLANG_WARN_UNREACHABLE_CODE = YES;
				CLANG_WARN__DUPLICATE_METHOD_MATCH = YES;
				COPY_PHASE_STRIP = NO;
				DEBUG_INFORMATION_FORMAT = "dwarf-with-dsym";
				ENABLE_NS_ASSERTIONS = NO;
				ENABLE_STRICT_OBJC_MSGSEND = YES;
				GCC_C_LANGUAGE_STANDARD = gnu11;
				GCC_NO_COMMON_BLOCKS = YES;
				GCC_WARN_64_TO_32_BIT_CONVERSION = YES;
				GCC_WARN_ABOUT_RETURN_TYPE = YES_ERROR;
				GCC_WARN_UNDECLARED_SELECTOR = YES;
				GCC_WARN_UNINITIALIZED_AUTOS = YES_AGGRESSIVE;
				GCC_WARN_UNUSED_FUNCTION = YES;
				GCC_WARN_UNUSED_VARIABLE = YES;
				IPHONEOS_DEPLOYMENT_TARGET = 15.5;
				MTL_ENABLE_DEBUG_INFO = NO;
				MTL_FAST_MATH = YES;
				SDKROOT = iphoneos;
				SWIFT_COMPILATION_MODE = wholemodule;
				SWIFT_OPTIMIZATION_LEVEL = "-O";
				VALIDATE_PRODUCT = YES;
			};
			name = Release;
		};
		BC1836E828E3BAB300224C62 /* Debug */ = {
			isa = XCBuildConfiguration;
			buildSettings = {
				ASSETCATALOG_COMPILER_APPICON_NAME = AppIcon;
				ASSETCATALOG_COMPILER_GLOBAL_ACCENT_COLOR_NAME = AccentColor;
				CODE_SIGN_STYLE = Automatic;
				CURRENT_PROJECT_VERSION = 1;
				GENERATE_INFOPLIST_FILE = YES;
				INFOPLIST_FILE = "Live Demo - API Based User Interface/Info.plist";
				INFOPLIST_KEY_UIApplicationSupportsIndirectInputEvents = YES;
				INFOPLIST_KEY_UILaunchStoryboardName = LaunchScreen;
				INFOPLIST_KEY_UIMainStoryboardFile = Main;
				INFOPLIST_KEY_UISupportedInterfaceOrientations_iPad = "UIInterfaceOrientationPortrait UIInterfaceOrientationPortraitUpsideDown UIInterfaceOrientationLandscapeLeft UIInterfaceOrientationLandscapeRight";
				INFOPLIST_KEY_UISupportedInterfaceOrientations_iPhone = "UIInterfaceOrientationPortrait UIInterfaceOrientationLandscapeLeft UIInterfaceOrientationLandscapeRight";
				LD_RUNPATH_SEARCH_PATHS = (
					"$(inherited)",
					"@executable_path/Frameworks",
				);
				MARKETING_VERSION = 1.0;
				PRODUCT_BUNDLE_IDENTIFIER = "com.Live-Demo---API-Based-User-Interface";
				PRODUCT_NAME = "$(TARGET_NAME)";
				SWIFT_EMIT_LOC_STRINGS = YES;
				SWIFT_VERSION = 5.0;
				TARGETED_DEVICE_FAMILY = "1,2";
			};
			name = Debug;
		};
		BC1836E928E3BAB300224C62 /* Release */ = {
			isa = XCBuildConfiguration;
			buildSettings = {
				ASSETCATALOG_COMPILER_APPICON_NAME = AppIcon;
				ASSETCATALOG_COMPILER_GLOBAL_ACCENT_COLOR_NAME = AccentColor;
				CODE_SIGN_STYLE = Automatic;
				CURRENT_PROJECT_VERSION = 1;
				GENERATE_INFOPLIST_FILE = YES;
				INFOPLIST_FILE = "Live Demo - API Based User Interface/Info.plist";
				INFOPLIST_KEY_UIApplicationSupportsIndirectInputEvents = YES;
				INFOPLIST_KEY_UILaunchStoryboardName = LaunchScreen;
				INFOPLIST_KEY_UIMainStoryboardFile = Main;
				INFOPLIST_KEY_UISupportedInterfaceOrientations_iPad = "UIInterfaceOrientationPortrait UIInterfaceOrientationPortraitUpsideDown UIInterfaceOrientationLandscapeLeft UIInterfaceOrientationLandscapeRight";
				INFOPLIST_KEY_UISupportedInterfaceOrientations_iPhone = "UIInterfaceOrientationPortrait UIInterfaceOrientationLandscapeLeft UIInterfaceOrientationLandscapeRight";
				LD_RUNPATH_SEARCH_PATHS = (
					"$(inherited)",
					"@executable_path/Frameworks",
				);
				MARKETING_VERSION = 1.0;
				PRODUCT_BUNDLE_IDENTIFIER = "com.Live-Demo---API-Based-User-Interface";
				PRODUCT_NAME = "$(TARGET_NAME)";
				SWIFT_EMIT_LOC_STRINGS = YES;
				SWIFT_VERSION = 5.0;
				TARGETED_DEVICE_FAMILY = "1,2";
			};
			name = Release;
		};
		BC1836EB28E3BAB300224C62 /* Debug */ = {
			isa = XCBuildConfiguration;
			buildSettings = {
				ALWAYS_EMBED_SWIFT_STANDARD_LIBRARIES = YES;
				BUNDLE_LOADER = "$(TEST_HOST)";
				CODE_SIGN_STYLE = Automatic;
				CURRENT_PROJECT_VERSION = 1;
				GENERATE_INFOPLIST_FILE = YES;
				IPHONEOS_DEPLOYMENT_TARGET = 15.5;
				MARKETING_VERSION = 1.0;
				PRODUCT_BUNDLE_IDENTIFIER = "com.Live-Demo---API-Based-User-InterfaceTests";
				PRODUCT_NAME = "$(TARGET_NAME)";
				SWIFT_EMIT_LOC_STRINGS = NO;
				SWIFT_VERSION = 5.0;
				TARGETED_DEVICE_FAMILY = "1,2";
				TEST_HOST = "$(BUILT_PRODUCTS_DIR)/Live Demo - API Based User Interface.app/Live Demo - API Based User Interface";
			};
			name = Debug;
		};
		BC1836EC28E3BAB300224C62 /* Release */ = {
			isa = XCBuildConfiguration;
			buildSettings = {
				ALWAYS_EMBED_SWIFT_STANDARD_LIBRARIES = YES;
				BUNDLE_LOADER = "$(TEST_HOST)";
				CODE_SIGN_STYLE = Automatic;
				CURRENT_PROJECT_VERSION = 1;
				GENERATE_INFOPLIST_FILE = YES;
				IPHONEOS_DEPLOYMENT_TARGET = 15.5;
				MARKETING_VERSION = 1.0;
				PRODUCT_BUNDLE_IDENTIFIER = "com.Live-Demo---API-Based-User-InterfaceTests";
				PRODUCT_NAME = "$(TARGET_NAME)";
				SWIFT_EMIT_LOC_STRINGS = NO;
				SWIFT_VERSION = 5.0;
				TARGETED_DEVICE_FAMILY = "1,2";
				TEST_HOST = "$(BUILT_PRODUCTS_DIR)/Live Demo - API Based User Interface.app/Live Demo - API Based User Interface";
			};
			name = Release;
		};
		BC1836EE28E3BAB300224C62 /* Debug */ = {
			isa = XCBuildConfiguration;
			buildSettings = {
				ALWAYS_EMBED_SWIFT_STANDARD_LIBRARIES = YES;
				CODE_SIGN_STYLE = Automatic;
				CURRENT_PROJECT_VERSION = 1;
				GENERATE_INFOPLIST_FILE = YES;
				MARKETING_VERSION = 1.0;
				PRODUCT_BUNDLE_IDENTIFIER = "com.Live-Demo---API-Based-User-InterfaceUITests";
				PRODUCT_NAME = "$(TARGET_NAME)";
				SWIFT_EMIT_LOC_STRINGS = NO;
				SWIFT_VERSION = 5.0;
				TARGETED_DEVICE_FAMILY = "1,2";
				TEST_TARGET_NAME = "Live Demo - API Based User Interface";
			};
			name = Debug;
		};
		BC1836EF28E3BAB300224C62 /* Release */ = {
			isa = XCBuildConfiguration;
			buildSettings = {
				ALWAYS_EMBED_SWIFT_STANDARD_LIBRARIES = YES;
				CODE_SIGN_STYLE = Automatic;
				CURRENT_PROJECT_VERSION = 1;
				GENERATE_INFOPLIST_FILE = YES;
				MARKETING_VERSION = 1.0;
				PRODUCT_BUNDLE_IDENTIFIER = "com.Live-Demo---API-Based-User-InterfaceUITests";
				PRODUCT_NAME = "$(TARGET_NAME)";
				SWIFT_EMIT_LOC_STRINGS = NO;
				SWIFT_VERSION = 5.0;
				TARGETED_DEVICE_FAMILY = "1,2";
				TEST_TARGET_NAME = "Live Demo - API Based User Interface";
			};
			name = Release;
		};
/* End XCBuildConfiguration section */

/* Begin XCConfigurationList section */
		BC1836B828E3BAAF00224C62 /* Build configuration list for PBXProject "Live Demo - API Based User Interface" */ = {
			isa = XCConfigurationList;
			buildConfigurations = (
				BC1836E528E3BAB300224C62 /* Debug */,
				BC1836E628E3BAB300224C62 /* Release */,
			);
			defaultConfigurationIsVisible = 0;
			defaultConfigurationName = Release;
		};
		BC1836E728E3BAB300224C62 /* Build configuration list for PBXNativeTarget "Live Demo - API Based User Interface" */ = {
			isa = XCConfigurationList;
			buildConfigurations = (
				BC1836E828E3BAB300224C62 /* Debug */,
				BC1836E928E3BAB300224C62 /* Release */,
			);
			defaultConfigurationIsVisible = 0;
			defaultConfigurationName = Release;
		};
		BC1836EA28E3BAB300224C62 /* Build configuration list for PBXNativeTarget "Live Demo - API Based User InterfaceTests" */ = {
			isa = XCConfigurationList;
			buildConfigurations = (
				BC1836EB28E3BAB300224C62 /* Debug */,
				BC1836EC28E3BAB300224C62 /* Release */,
			);
			defaultConfigurationIsVisible = 0;
			defaultConfigurationName = Release;
		};
		BC1836ED28E3BAB300224C62 /* Build configuration list for PBXNativeTarget "Live Demo - API Based User InterfaceUITests" */ = {
			isa = XCConfigurationList;
			buildConfigurations = (
				BC1836EE28E3BAB300224C62 /* Debug */,
				BC1836EF28E3BAB300224C62 /* Release */,
			);
			defaultConfigurationIsVisible = 0;
			defaultConfigurationName = Release;
		};
/* End XCConfigurationList section */
	};
	rootObject = BC1836B528E3BAAF00224C62 /* Project object */;
}
